
Microsoft Visual Studio Solution File, Format Version 12.00
# Visual Studio Version 16
VisualStudioVersion = 16.0.33328.57
MinimumVisualStudioVersion = 10.0.40219.1
Project("{FAE04EC0-301F-11D3-BF4B-00C04F79EFBC}") = "Kalkulator 2", "Kalkulator 2.csproj", "{A146BFB0-A9A2-405C-AD80-87F30F176089}"
EndProject
Global
	GlobalSection(SolutionConfigurationPlatforms) = preSolution
		Debug|Any CPU = Debug|Any CPU
		Release|Any CPU = Release|Any CPU
	EndGlobalSection
	GlobalSection(ProjectConfigurationPlatforms) = postSolution
		{A146BFB0-A9A2-405C-AD80-87F30F176089}.Debug|Any CPU.ActiveCfg = Debug|Any CPU
		{A146BFB0-A9A2-405C-AD80-87F30F176089}.Debug|Any CPU.Build.0 = Debug|Any CPU
		{A146BFB0-A9A2-405C-AD80-87F30F176089}.Release|Any CPU.ActiveCfg = Release|Any CPU
		{A146BFB0-A9A2-405C-AD80-87F30F176089}.Release|Any CPU.Build.0 = Release|Any CPU
	EndGlobalSection
	GlobalSection(SolutionProperties) = preSolution
		HideSolutionNode = FALSE
	EndGlobalSection
	GlobalSection(ExtensibilityGlobals) = postSolution
		SolutionGuid = {2F2BC8C8-09CA-4407-94FE-0BA908CB7343}
	EndGlobalSection
EndGlobal
